github.com/ZicorXXIX/Image2ASCII v0.0.0-20250113163143-e8547a7768da h1:yOYXU2PshWFbt8Vq2scg46Tp7nIKn+M72vBtZqQqXT0=
github.com/ZicorXXIX/Image2ASCII v0.0.0-20250113163143-e8547a7768da/go.mod h1:5uCFuD2Cv3F1ls9zo5gqVK7KkdDdlbj6ViM53Jx9jN4=
github.com/aybabtme/rgbterm v0.0.0-20170906152045-cc83f3b3ce59 h1:WWB576BN5zNSZc/M9d/10pqEx5VHNhaQ/yOVAkmj5Yo=
github.com/aybabtme/rgbterm v0.0.0-20170906152045-cc83f3b3ce59/go.mod h1:q/89r3U2H7sSsE2t6Kca0lfwTK8JdoNGS/yzM/4iH5I=
golang.org/x/image v0.23.0 h1:HseQ7c2OpPKTPVzNjG5fwJsOTCiiwS4QdsYi5XU6H68=
golang.org/x/image v0.23.0/go.mod h1:wJJBTdLfCCf3tiHa1fNxpZmUI4mmoZvwMCPP0ddoNKY=
